
Microsoft Visual Studio Solution File, Format Version 12.00
# Visual Studio Version 16
VisualStudioVersion = 16.0.30011.22
MinimumVisualStudioVersion = 10.0.40219.1
Project("{FAE04EC0-301F-11D3-BF4B-00C04F79EFBC}") = "LabviewDXFViewer", "LabviewDXFViewer\LabviewDXFViewer.csproj", "{BB570004-9283-48CB-873E-87C1972AED5F}"
EndProject
Global
	GlobalSection(SolutionConfigurationPlatforms) = preSolution
		Debug|Any CPU = Debug|Any CPU
		Release|Any CPU = Release|Any CPU
	EndGlobalSection
	GlobalSection(ProjectConfigurationPlatforms) = postSolution
		{BB570004-9283-48CB-873E-87C1972AED5F}.Debug|Any CPU.ActiveCfg = Debug|Any CPU
		{BB570004-9283-48CB-873E-87C1972AED5F}.Debug|Any CPU.Build.0 = Debug|Any CPU
		{BB570004-9283-48CB-873E-87C1972AED5F}.Release|Any CPU.ActiveCfg = Release|Any CPU
		{BB570004-9283-48CB-873E-87C1972AED5F}.Release|Any CPU.Build.0 = Release|Any CPU
	EndGlobalSection
	GlobalSection(SolutionProperties) = preSolution
		HideSolutionNode = FALSE
	EndGlobalSection
	GlobalSection(ExtensibilityGlobals) = postSolution
		SolutionGuid = {4A907316-D0D8-480F-A27A-90A7A37C63CC}
	EndGlobalSection
EndGlobal
