
Microsoft Visual Studio Solution File, Format Version 12.00
# Visual Studio Version 16
VisualStudioVersion = 16.0.31613.86
MinimumVisualStudioVersion = 10.0.40219.1
Project("{FAE04EC0-301F-11D3-BF4B-00C04F79EFBC}") = "NamingControl", "NamingControl.csproj", "{06DA80F8-269B-440C-8DE4-8AED2FE90F27}"
EndProject
Global
	GlobalSection(SolutionConfigurationPlatforms) = preSolution
		Debug|Any CPU = Debug|Any CPU
		Release|Any CPU = Release|Any CPU
	EndGlobalSection
	GlobalSection(ProjectConfigurationPlatforms) = postSolution
		{06DA80F8-269B-440C-8DE4-8AED2FE90F27}.Debug|Any CPU.ActiveCfg = Debug|Any CPU
		{06DA80F8-269B-440C-8DE4-8AED2FE90F27}.Debug|Any CPU.Build.0 = Debug|Any CPU
		{06DA80F8-269B-440C-8DE4-8AED2FE90F27}.Release|Any CPU.ActiveCfg = Release|Any CPU
		{06DA80F8-269B-440C-8DE4-8AED2FE90F27}.Release|Any CPU.Build.0 = Release|Any CPU
	EndGlobalSection
	GlobalSection(SolutionProperties) = preSolution
		HideSolutionNode = FALSE
	EndGlobalSection
	GlobalSection(ExtensibilityGlobals) = postSolution
		SolutionGuid = {3B684749-1E7A-48C5-9AC7-C7685989DC89}
	EndGlobalSection
EndGlobal
